// !$*UTF8*$!
{
	archiveVersion = 1;
	classes = {
	};
	objectVersion = 48;
	objects = {

/* Begin PBXBuildFile section */
		32058319A4075D2649217933 /* Pods_Myo_Cosplay_Test_api.framework in Frameworks */ = {isa = PBXBuildFile; fileRef = 24ABE163C8B7D908F267FACA /* Pods_Myo_Cosplay_Test_api.framework */; };
		750589A31D2FF17100D15D59 /* AddViewController.swift in Sources */ = {isa = PBXBuildFile; fileRef = 750589A21D2FF17100D15D59 /* AddViewController.swift */; };
		750E897E1DD7C75300CA1F0D /* Images.swift in Sources */ = {isa = PBXBuildFile; fileRef = 750E897D1DD7C75300CA1F0D /* Images.swift */; };
		750E89821DD92A1600CA1F0D /* AudioVC.swift in Sources */ = {isa = PBXBuildFile; fileRef = 750E89811DD92A1600CA1F0D /* AudioVC.swift */; };
		750FABEA1D3E7CFA0036950D /* SWRevealViewController.m in Sources */ = {isa = PBXBuildFile; fileRef = 750FABE81D3E7CFA0036950D /* SWRevealViewController.m */; };
		75378C061DF8BF7900973510 /* VideoVC.swift in Sources */ = {isa = PBXBuildFile; fileRef = 75378C051DF8BF7900973510 /* VideoVC.swift */; };
		753848EC1D22799700247C1F /* AppDelegate.swift in Sources */ = {isa = PBXBuildFile; fileRef = 753848EB1D22799700247C1F /* AppDelegate.swift */; };
		753848EE1D22799700247C1F /* ViewController.swift in Sources */ = {isa = PBXBuildFile; fileRef = 753848ED1D22799700247C1F /* ViewController.swift */; };
		753848F31D22799700247C1F /* Assets.xcassets in Resources */ = {isa = PBXBuildFile; fileRef = 753848F21D22799700247C1F /* Assets.xcassets */; };
		753848F61D22799700247C1F /* LaunchScreen.storyboard in Resources */ = {isa = PBXBuildFile; fileRef = 753848F41D22799700247C1F /* LaunchScreen.storyboard */; };
		754491DE1DE0A83700D39769 /* Tutos.swift in Sources */ = {isa = PBXBuildFile; fileRef = 754491DD1DE0A83700D39769 /* Tutos.swift */; };
		754491E11DE0E6C300D39769 /* Main.storyboard in Resources */ = {isa = PBXBuildFile; fileRef = 754491DF1DE0E6C300D39769 /* Main.storyboard */; };
		756472041DB4177400317620 /* Tuto.swift in Sources */ = {isa = PBXBuildFile; fileRef = 756472031DB4177400317620 /* Tuto.swift */; };
		7584CD8F1D469F8E00519EC3 /* News.swift in Sources */ = {isa = PBXBuildFile; fileRef = 7584CD8E1D469F8E00519EC3 /* News.swift */; };
		7584CD911D46B93A00519EC3 /* Evenement.swift in Sources */ = {isa = PBXBuildFile; fileRef = 7584CD901D46B93A00519EC3 /* Evenement.swift */; };
		7584CD931D477B1C00519EC3 /* Autres.swift in Sources */ = {isa = PBXBuildFile; fileRef = 7584CD921D477B1C00519EC3 /* Autres.swift */; };
		7584CD951D47EE8300519EC3 /* Start.swift in Sources */ = {isa = PBXBuildFile; fileRef = 7584CD941D47EE8300519EC3 /* Start.swift */; };
		759DE8C51DF708AB003D3728 /* Video.swift in Sources */ = {isa = PBXBuildFile; fileRef = 759DE8C41DF708AB003D3728 /* Video.swift */; };
		75A3B2321DCBC3E70055DC6B /* Forum.swift in Sources */ = {isa = PBXBuildFile; fileRef = 75A3B2311DCBC3E70055DC6B /* Forum.swift */; };
		75AA24C81DE4F85800536F20 /* NewsVC.swift in Sources */ = {isa = PBXBuildFile; fileRef = 75AA24C71DE4F85800536F20 /* NewsVC.swift */; };
		75ACE61E1DE73D2C0082B088 /* EventVC.swift in Sources */ = {isa = PBXBuildFile; fileRef = 75ACE61D1DE73D2C0082B088 /* EventVC.swift */; };
/* End PBXBuildFile section */

/* Begin PBXFileReference section */
		24ABE163C8B7D908F267FACA /* Pods_Myo_Cosplay_Test_api.framework */ = {isa = PBXFileReference; explicitFileType = wrapper.framework; includeInIndex = 0; path = Pods_Myo_Cosplay_Test_api.framework; sourceTree = BUILT_PRODUCTS_DIR; };
		750589A21D2FF17100D15D59 /* AddViewController.swift */ = {isa = PBXFileReference; fileEncoding = 4; lastKnownFileType = sourcecode.swift; path = AddViewController.swift; sourceTree = "<group>"; };
		750E897D1DD7C75300CA1F0D /* Images.swift */ = {isa = PBXFileReference; fileEncoding = 4; lastKnownFileType = sourcecode.swift; path = Images.swift; sourceTree = "<group>"; };
		750E89811DD92A1600CA1F0D /* AudioVC.swift */ = {isa = PBXFileReference; fileEncoding = 4; lastKnownFileType = sourcecode.swift; path = AudioVC.swift; sourceTree = "<group>"; };
		750FABE61D3E7CF90036950D /* Myo Cosplay Test api-Bridging-Header.h */ = {isa = PBXFileReference; lastKnownFileType = sourcecode.c.h; path = "Myo Cosplay Test api-Bridging-Header.h"; sourceTree = "<group>"; };
		750FABE71D3E7CFA0036950D /* SWRevealViewController.h */ = {isa = PBXFileReference; fileEncoding = 4; lastKnownFileType = sourcecode.c.h; path = SWRevealViewController.h; sourceTree = "<group>"; };
		750FABE81D3E7CFA0036950D /* SWRevealViewController.m */ = {isa = PBXFileReference; fileEncoding = 4; lastKnownFileType = sourcecode.c.objc; path = SWRevealViewController.m; sourceTree = "<group>"; };
		750FABE91D3E7CFA0036950D /* TodoApp-Bridging-Header.h */ = {isa = PBXFileReference; fileEncoding = 4; lastKnownFileType = sourcecode.c.h; path = "TodoApp-Bridging-Header.h"; sourceTree = "<group>"; };
		75378C051DF8BF7900973510 /* VideoVC.swift */ = {isa = PBXFileReference; fileEncoding = 4; lastKnownFileType = sourcecode.swift; path = VideoVC.swift; sourceTree = "<group>"; };
		753848E81D22799600247C1F /* Myo Cosplay Test api.app */ = {isa = PBXFileReference; explicitFileType = wrapper.application; includeInIndex = 0; path = "Myo Cosplay Test api.app"; sourceTree = BUILT_PRODUCTS_DIR; };
		753848EB1D22799700247C1F /* AppDelegate.swift */ = {isa = PBXFileReference; lastKnownFileType = sourcecode.swift; path = AppDelegate.swift; sourceTree = "<group>"; };
		753848ED1D22799700247C1F /* ViewController.swift */ = {isa = PBXFileReference; lastKnownFileType = sourcecode.swift; path = ViewController.swift; sourceTree = "<group>"; };
		753848F21D22799700247C1F /* Assets.xcassets */ = {isa = PBXFileReference; lastKnownFileType = folder.assetcatalog; path = Assets.xcassets; sourceTree = "<group>"; };
		753848F51D22799700247C1F /* Base */ = {isa = PBXFileReference; lastKnownFileType = file.storyboard; name = Base; path = Base.lproj/LaunchScreen.storyboard; sourceTree = "<group>"; };
		753848F71D22799700247C1F /* Info.plist */ = {isa = PBXFileReference; lastKnownFileType = text.plist.xml; name = Info.plist; path = "Myo Cosplay Test api/Info.plist"; sourceTree = "<group>"; };
		754491DD1DE0A83700D39769 /* Tutos.swift */ = {isa = PBXFileReference; fileEncoding = 4; lastKnownFileType = sourcecode.swift; path = Tutos.swift; sourceTree = "<group>"; };
		754491E01DE0E6C300D39769 /* Base */ = {isa = PBXFileReference; lastKnownFileType = file.storyboard; name = Base; path = Base.lproj/Main.storyboard; sourceTree = "<group>"; };
		756472031DB4177400317620 /* Tuto.swift */ = {isa = PBXFileReference; fileEncoding = 4; lastKnownFileType = sourcecode.swift; path = Tuto.swift; sourceTree = "<group>"; };
		7584CD8E1D469F8E00519EC3 /* News.swift */ = {isa = PBXFileReference; fileEncoding = 4; lastKnownFileType = sourcecode.swift; path = News.swift; sourceTree = "<group>"; };
		7584CD901D46B93A00519EC3 /* Evenement.swift */ = {isa = PBXFileReference; fileEncoding = 4; lastKnownFileType = sourcecode.swift; path = Evenement.swift; sourceTree = "<group>"; };
		7584CD921D477B1C00519EC3 /* Autres.swift */ = {isa = PBXFileReference; fileEncoding = 4; lastKnownFileType = sourcecode.swift; path = Autres.swift; sourceTree = "<group>"; };
		7584CD941D47EE8300519EC3 /* Start.swift */ = {isa = PBXFileReference; fileEncoding = 4; lastKnownFileType = sourcecode.swift; path = Start.swift; sourceTree = "<group>"; };
		759DE8C41DF708AB003D3728 /* Video.swift */ = {isa = PBXFileReference; fileEncoding = 4; lastKnownFileType = sourcecode.swift; path = Video.swift; sourceTree = "<group>"; };
		75A3B2311DCBC3E70055DC6B /* Forum.swift */ = {isa = PBXFileReference; fileEncoding = 4; lastKnownFileType = sourcecode.swift; path = Forum.swift; sourceTree = "<group>"; };
		75AA24C71DE4F85800536F20 /* NewsVC.swift */ = {isa = PBXFileReference; fileEncoding = 4; lastKnownFileType = sourcecode.swift; path = NewsVC.swift; sourceTree = "<group>"; };
		75ACE61D1DE73D2C0082B088 /* EventVC.swift */ = {isa = PBXFileReference; fileEncoding = 4; lastKnownFileType = sourcecode.swift; path = EventVC.swift; sourceTree = "<group>"; };
		A46F4F095EC4927039F3CDE3 /* Pods-Myo Cosplay Test api.release.xcconfig */ = {isa = PBXFileReference; includeInIndex = 1; lastKnownFileType = text.xcconfig; name = "Pods-Myo Cosplay Test api.release.xcconfig"; path = "Pods/Target Support Files/Pods-Myo Cosplay Test api/Pods-Myo Cosplay Test api.release.xcconfig"; sourceTree = "<group>"; };
		B754E2E23951BE1B94C3D24F /* Pods-Myo Cosplay Test api.debug.xcconfig */ = {isa = PBXFileReference; includeInIndex = 1; lastKnownFileType = text.xcconfig; name = "Pods-Myo Cosplay Test api.debug.xcconfig"; path = "Pods/Target Support Files/Pods-Myo Cosplay Test api/Pods-Myo Cosplay Test api.debug.xcconfig"; sourceTree = "<group>"; };
/* End PBXFileReference section */

/* Begin PBXFrameworksBuildPhase section */
		753848E51D22799600247C1F /* Frameworks */ = {
			isa = PBXFrameworksBuildPhase;
			buildActionMask = 2147483647;
			files = (
				32058319A4075D2649217933 /* Pods_Myo_Cosplay_Test_api.framework in Frameworks */,
			);
			runOnlyForDeploymentPostprocessing = 0;
		};
/* End PBXFrameworksBuildPhase section */

/* Begin PBXGroup section */
		750FABE51D3E7CC80036950D /* files */ = {
			isa = PBXGroup;
			children = (
				750FABE71D3E7CFA0036950D /* SWRevealViewController.h */,
				750FABE81D3E7CFA0036950D /* SWRevealViewController.m */,
				750FABE91D3E7CFA0036950D /* TodoApp-Bridging-Header.h */,
				753848F71D22799700247C1F /* Info.plist */,
				750FABE61D3E7CF90036950D /* Myo Cosplay Test api-Bridging-Header.h */,
			);
			name = files;
			path = ..;
			sourceTree = "<group>";
		};
		753848DF1D22799600247C1F = {
			isa = PBXGroup;
			children = (
				753848EA1D22799700247C1F /* Myo Cosplay Test api */,
				753848E91D22799600247C1F /* Products */,
				9A029CAA90AE6B10C2C4D666 /* Pods */,
				94DB76674A968148F6374998 /* Frameworks */,
			);
			sourceTree = "<group>";
		};
		753848E91D22799600247C1F /* Products */ = {
			isa = PBXGroup;
			children = (
				753848E81D22799600247C1F /* Myo Cosplay Test api.app */,
			);
			name = Products;
			sourceTree = "<group>";
		};
		753848EA1D22799700247C1F /* Myo Cosplay Test api */ = {
			isa = PBXGroup;
			children = (
				753848EB1D22799700247C1F /* AppDelegate.swift */,
				753848ED1D22799700247C1F /* ViewController.swift */,
				7584CD8E1D469F8E00519EC3 /* News.swift */,
				75AA24C71DE4F85800536F20 /* NewsVC.swift */,
				756472031DB4177400317620 /* Tuto.swift */,
				7584CD901D46B93A00519EC3 /* Evenement.swift */,
				75ACE61D1DE73D2C0082B088 /* EventVC.swift */,
				7584CD921D477B1C00519EC3 /* Autres.swift */,
				754491DF1DE0E6C300D39769 /* Main.storyboard */,
				753848F41D22799700247C1F /* LaunchScreen.storyboard */,
				750589A21D2FF17100D15D59 /* AddViewController.swift */,
				7584CD941D47EE8300519EC3 /* Start.swift */,
				75A3B2311DCBC3E70055DC6B /* Forum.swift */,
				750E89811DD92A1600CA1F0D /* AudioVC.swift */,
				750E897D1DD7C75300CA1F0D /* Images.swift */,
				754491DD1DE0A83700D39769 /* Tutos.swift */,
				753848F21D22799700247C1F /* Assets.xcassets */,
				750FABE51D3E7CC80036950D /* files */,
				759DE8C41DF708AB003D3728 /* Video.swift */,
				75378C051DF8BF7900973510 /* VideoVC.swift */,
			);
			path = "Myo Cosplay Test api";
			sourceTree = "<group>";
		};
		94DB76674A968148F6374998 /* Frameworks */ = {
			isa = PBXGroup;
			children = (
				24ABE163C8B7D908F267FACA /* Pods_Myo_Cosplay_Test_api.framework */,
			);
			name = Frameworks;
			sourceTree = "<group>";
		};
		9A029CAA90AE6B10C2C4D666 /* Pods */ = {
			isa = PBXGroup;
			children = (
				B754E2E23951BE1B94C3D24F /* Pods-Myo Cosplay Test api.debug.xcconfig */,
				A46F4F095EC4927039F3CDE3 /* Pods-Myo Cosplay Test api.release.xcconfig */,
			);
			name = Pods;
			sourceTree = "<group>";
		};
/* End PBXGroup section */

/* Begin PBXNativeTarget section */
		753848E71D22799600247C1F /* Myo Cosplay Test api */ = {
			isa = PBXNativeTarget;
			buildConfigurationList = 753848FA1D22799700247C1F /* Build configuration list for PBXNativeTarget "Myo Cosplay Test api" */;
			buildPhases = (
				94E2787E5329A872F1ECB8AA /* [CP] Check Pods Manifest.lock */,
				753848E41D22799600247C1F /* Sources */,
				753848E51D22799600247C1F /* Frameworks */,
				753848E61D22799600247C1F /* Resources */,
				32963BBE897C54107B510FAD /* [CP] Embed Pods Frameworks */,
				DB45BEA59CB7ADE2CE11C686 /* [CP] Copy Pods Resources */,
			);
			buildRules = (
			);
			dependencies = (
			);
			name = "Myo Cosplay Test api";
			productName = "Myo Cosplay Test api";
			productReference = 753848E81D22799600247C1F /* Myo Cosplay Test api.app */;
			productType = "com.apple.product-type.application";
		};
/* End PBXNativeTarget section */

/* Begin PBXProject section */
		753848E01D22799600247C1F /* Project object */ = {
			isa = PBXProject;
			attributes = {
				LastSwiftUpdateCheck = 0730;
				LastUpgradeCheck = 0810;
				ORGANIZATIONNAME = "haseeb khalid";
				TargetAttributes = {
					753848E71D22799600247C1F = {
						CreatedOnToolsVersion = 7.2.1;
						DevelopmentTeam = 7SKKU5ZJ3S;
						LastSwiftMigration = 0800;
					};
				};
			};
			buildConfigurationList = 753848E31D22799600247C1F /* Build configuration list for PBXProject "Myo Cosplay Test api" */;
			compatibilityVersion = "Xcode 8.0";
			developmentRegion = English;
			hasScannedForEncodings = 0;
			knownRegions = (
				en,
				Base,
			);
			mainGroup = 753848DF1D22799600247C1F;
			productRefGroup = 753848E91D22799600247C1F /* Products */;
			projectDirPath = "";
			projectRoot = "";
			targets = (
				753848E71D22799600247C1F /* Myo Cosplay Test api */,
			);
		};
/* End PBXProject section */

/* Begin PBXResourcesBuildPhase section */
		753848E61D22799600247C1F /* Resources */ = {
			isa = PBXResourcesBuildPhase;
			buildActionMask = 2147483647;
			files = (
				754491E11DE0E6C300D39769 /* Main.storyboard in Resources */,
				753848F61D22799700247C1F /* LaunchScreen.storyboard in Resources */,
				753848F31D22799700247C1F /* Assets.xcassets in Resources */,
			);
			runOnlyForDeploymentPostprocessing = 0;
		};
/* End PBXResourcesBuildPhase section */

/* Begin PBXShellScriptBuildPhase section */
		32963BBE897C54107B510FAD /* [CP] Embed Pods Frameworks */ = {
			isa = PBXShellScriptBuildPhase;
			buildActionMask = 2147483647;
			files = (
			);
			inputPaths = (
			);
			name = "[CP] Embed Pods Frameworks";
			outputPaths = (
			);
			runOnlyForDeploymentPostprocessing = 0;
			shellPath = /bin/sh;
			shellScript = "\"${SRCROOT}/Pods/Target Support Files/Pods-Myo Cosplay Test api/Pods-Myo Cosplay Test api-frameworks.sh\"\n";
			showEnvVarsInLog = 0;
		};
		94E2787E5329A872F1ECB8AA /* [CP] Check Pods Manifest.lock */ = {
			isa = PBXShellScriptBuildPhase;
			buildActionMask = 2147483647;
			files = (
			);
			inputPaths = (
			);
			name = "[CP] Check Pods Manifest.lock";
			outputPaths = (
			);
			runOnlyForDeploymentPostprocessing = 0;
			shellPath = /bin/sh;
			shellScript = "diff \"${PODS_ROOT}/../Podfile.lock\" \"${PODS_ROOT}/Manifest.lock\" > /dev/null\nif [ $? != 0 ] ; then\n    # print error to STDERR\n    echo \"error: The sandbox is not in sync with the Podfile.lock. Run 'pod install' or update your CocoaPods installation.\" >&2\n    exit 1\nfi\n";
			showEnvVarsInLog = 0;
		};
		DB45BEA59CB7ADE2CE11C686 /* [CP] Copy Pods Resources */ = {
			isa = PBXShellScriptBuildPhase;
			buildActionMask = 2147483647;
			files = (
			);
			inputPaths = (
			);
			name = "[CP] Copy Pods Resources";
			outputPaths = (
			);
			runOnlyForDeploymentPostprocessing = 0;
			shellPath = /bin/sh;
			shellScript = "\"${SRCROOT}/Pods/Target Support Files/Pods-Myo Cosplay Test api/Pods-Myo Cosplay Test api-resources.sh\"\n";
			showEnvVarsInLog = 0;
		};
/* End PBXShellScriptBuildPhase section */

/* Begin PBXSourcesBuildPhase section */
		753848E41D22799600247C1F /* Sources */ = {
			isa = PBXSourcesBuildPhase;
			buildActionMask = 2147483647;
			files = (
				753848EE1D22799700247C1F /* ViewController.swift in Sources */,
				753848EC1D22799700247C1F /* AppDelegate.swift in Sources */,
				750589A31D2FF17100D15D59 /* AddViewController.swift in Sources */,
				75378C061DF8BF7900973510 /* VideoVC.swift in Sources */,
				75AA24C81DE4F85800536F20 /* NewsVC.swift in Sources */,
				750E897E1DD7C75300CA1F0D /* Images.swift in Sources */,
				7584CD911D46B93A00519EC3 /* Evenement.swift in Sources */,
				756472041DB4177400317620 /* Tuto.swift in Sources */,
				754491DE1DE0A83700D39769 /* Tutos.swift in Sources */,
				7584CD951D47EE8300519EC3 /* Start.swift in Sources */,
				750E89821DD92A1600CA1F0D /* AudioVC.swift in Sources */,
				7584CD8F1D469F8E00519EC3 /* News.swift in Sources */,
				750FABEA1D3E7CFA0036950D /* SWRevealViewController.m in Sources */,
				75ACE61E1DE73D2C0082B088 /* EventVC.swift in Sources */,
				759DE8C51DF708AB003D3728 /* Video.swift in Sources */,
				7584CD931D477B1C00519EC3 /* Autres.swift in Sources */,
				75A3B2321DCBC3E70055DC6B /* Forum.swift in Sources */,
			);
			runOnlyForDeploymentPostprocessing = 0;
		};
/* End PBXSourcesBuildPhase section */

/* Begin PBXVariantGroup section */
		753848F41D22799700247C1F /* LaunchScreen.storyboard */ = {
			isa = PBXVariantGroup;
			children = (
				753848F51D22799700247C1F /* Base */,
			);
			name = LaunchScreen.storyboard;
			sourceTree = "<group>";
		};
		754491DF1DE0E6C300D39769 /* Main.storyboard */ = {
			isa = PBXVariantGroup;
			children = (
				754491E01DE0E6C300D39769 /* Base */,
			);
			name = Main.storyboard;
			sourceTree = "<group>";
		};
/* End PBXVariantGroup section */

/* Begin XCBuildConfiguration section */
		753848F81D22799700247C1F /* Debug */ = {
			isa = XCBuildConfiguration;
			buildSettings = {
				ALWAYS_SEARCH_USER_PATHS = NO;
				CLANG_CXX_LANGUAGE_STANDARD = "gnu++0x";
				CLANG_CXX_LIBRARY = "libc++";
				CLANG_ENABLE_MODULES = YES;
				CLANG_ENABLE_OBJC_ARC = YES;
				CLANG_WARN_BOOL_CONVERSION = YES;
				CLANG_WARN_CONSTANT_CONVERSION = YES;
				CLANG_WARN_DIRECT_OBJC_ISA_USAGE = YES_ERROR;
				CLANG_WARN_EMPTY_BODY = YES;
				CLANG_WARN_ENUM_CONVERSION = YES;
				CLANG_WARN_INFINITE_RECURSION = YES;
				CLANG_WARN_INT_CONVERSION = YES;
				CLANG_WARN_OBJC_ROOT_CLASS = YES_ERROR;
				CLANG_WARN_SUSPICIOUS_MOVE = YES;
				CLANG_WARN_UNREACHABLE_CODE = YES;
				CLANG_WARN__DUPLICATE_METHOD_MATCH = YES;
				"CODE_SIGN_IDENTITY[sdk=iphoneos*]" = "iPhone Developer";
				COPY_PHASE_STRIP = NO;
				DEBUG_INFORMATION_FORMAT = dwarf;
				ENABLE_STRICT_OBJC_MSGSEND = YES;
				ENABLE_TESTABILITY = YES;
				GCC_C_LANGUAGE_STANDARD = gnu99;
				GCC_DYNAMIC_NO_PIC = NO;
				GCC_NO_COMMON_BLOCKS = YES;
				GCC_OPTIMIZATION_LEVEL = 0;
				GCC_PREPROCESSOR_DEFINITIONS = (
					"DEBUG=1",
					"$(inherited)",
				);
				GCC_WARN_64_TO_32_BIT_CONVERSION = YES;
				GCC_WARN_ABOUT_RETURN_TYPE = YES_ERROR;
				GCC_WARN_UNDECLARED_SELECTOR = YES;
				GCC_WARN_UNINITIALIZED_AUTOS = YES_AGGRESSIVE;
				GCC_WARN_UNUSED_FUNCTION = YES;
				GCC_WARN_UNUSED_VARIABLE = YES;
				IPHONEOS_DEPLOYMENT_TARGET = 10.1;
				MTL_ENABLE_DEBUG_INFO = YES;
				ONLY_ACTIVE_ARCH = YES;
				SDKROOT = iphoneos;
				SWIFT_OPTIMIZATION_LEVEL = "-Onone";
			};
			name = Debug;
		};
		753848F91D22799700247C1F /* Release */ = {
			isa = XCBuildConfiguration;
			buildSettings = {
				ALWAYS_SEARCH_USER_PATHS = NO;
				CLANG_CXX_LANGUAGE_STANDARD = "gnu++0x";
				CLANG_CXX_LIBRARY = "libc++";
				CLANG_ENABLE_MODULES = YES;
				CLANG_ENABLE_OBJC_ARC = YES;
				CLANG_WARN_BOOL_CONVERSION = YES;
				CLANG_WARN_CONSTANT_CONVERSION = YES;
				CLANG_WARN_DIRECT_OBJC_ISA_USAGE = YES_ERROR;
				CLANG_WARN_EMPTY_BODY = YES;
				CLANG_WARN_ENUM_CONVERSION = YES;
				CLANG_WARN_INFINITE_RECURSION = YES;
				CLANG_WARN_INT_CONVERSION = YES;
				CLANG_WARN_OBJC_ROOT_CLASS = YES_ERROR;
				CLANG_WARN_SUSPICIOUS_MOVE = YES;
				CLANG_WARN_UNREACHABLE_CODE = YES;
				CLANG_WARN__DUPLICATE_METHOD_MATCH = YES;
				"CODE_SIGN_IDENTITY[sdk=iphoneos*]" = "iPhone Developer";
				COPY_PHASE_STRIP = NO;
				DEBUG_INFORMATION_FORMAT = "dwarf-with-dsym";
				ENABLE_NS_ASSERTIONS = NO;
				ENABLE_STRICT_OBJC_MSGSEND = YES;
				GCC_C_LANGUAGE_STANDARD = gnu99;
				GCC_NO_COMMON_BLOCKS = YES;
				GCC_WARN_64_TO_32_BIT_CONVERSION = YES;
				GCC_WARN_ABOUT_RETURN_TYPE = YES_ERROR;
				GCC_WARN_UNDECLARED_SELECTOR = YES;
				GCC_WARN_UNINITIALIZED_AUTOS = YES_AGGRESSIVE;
				GCC_WARN_UNUSED_FUNCTION = YES;
				GCC_WARN_UNUSED_VARIABLE = YES;
				IPHONEOS_DEPLOYMENT_TARGET = 10.1;
				MTL_ENABLE_DEBUG_INFO = NO;
				SDKROOT = iphoneos;
				SWIFT_OPTIMIZATION_LEVEL = "-Owholemodule";
				VALIDATE_PRODUCT = YES;
			};
			name = Release;
		};
		753848FB1D22799700247C1F /* Debug */ = {
			isa = XCBuildConfiguration;
			baseConfigurationReference = B754E2E23951BE1B94C3D24F /* Pods-Myo Cosplay Test api.debug.xcconfig */;
			buildSettings = {
				ALWAYS_EMBED_SWIFT_STANDARD_LIBRARIES = YES;
				ASSETCATALOG_COMPILER_APPICON_NAME = AppIcon;
				CLANG_ENABLE_MODULES = YES;
				DEVELOPMENT_TEAM = 7SKKU5ZJ3S;
				ENABLE_BITCODE = NO;
				INFOPLIST_FILE = "Myo Cosplay Test api/Info.plist";
				IPHONEOS_DEPLOYMENT_TARGET = 10;
				LD_RUNPATH_SEARCH_PATHS = "$(inherited) @executable_path/Frameworks";
				PRODUCT_BUNDLE_IDENTIFIER = "MYO.Myo-Cosplay-Test-api";
				PRODUCT_NAME = "Myo Cosplay Test api";
				SWIFT_OBJC_BRIDGING_HEADER = "Myo Cosplay Test api-Bridging-Header.h";
				SWIFT_OPTIMIZATION_LEVEL = "-Onone";
				SWIFT_VERSION = 3.0;
			};
			name = Debug;
		};
		753848FC1D22799700247C1F /* Release */ = {
			isa = XCBuildConfiguration;
			baseConfigurationReference = A46F4F095EC4927039F3CDE3 /* Pods-Myo Cosplay Test api.release.xcconfig */;
			buildSettings = {
				ALWAYS_EMBED_SWIFT_STANDARD_LIBRARIES = YES;
				ASSETCATALOG_COMPILER_APPICON_NAME = AppIcon;
				CLANG_ENABLE_MODULES = YES;
				DEVELOPMENT_TEAM = 7SKKU5ZJ3S;
				ENABLE_BITCODE = NO;
				INFOPLIST_FILE = "Myo Cosplay Test api/Info.plist";
				IPHONEOS_DEPLOYMENT_TARGET = 10;
				LD_RUNPATH_SEARCH_PATHS = "$(inherited) @executable_path/Frameworks";
				PRODUCT_BUNDLE_IDENTIFIER = "MYO.Myo-Cosplay-Test-api";
				PRODUCT_NAME = "Myo Cosplay Test api";
				SWIFT_OBJC_BRIDGING_HEADER = "Myo Cosplay Test api-Bridging-Header.h";
				SWIFT_VERSION = 3.0;
			};
			name = Release;
		};
/* End XCBuildConfiguration section */

/* Begin XCConfigurationList section */
		753848E31D22799600247C1F /* Build configuration list for PBXProject "Myo Cosplay Test api" */ = {
			isa = XCConfigurationList;
			buildConfigurations = (
				753848F81D22799700247C1F /* Debug */,
				753848F91D22799700247C1F /* Release */,
			);
			defaultConfigurationIsVisible = 0;
			defaultConfigurationName = Release;
		};
		753848FA1D22799700247C1F /* Build configuration list for PBXNativeTarget "Myo Cosplay Test api" */ = {
			isa = XCConfigurationList;
			buildConfigurations = (
				753848FB1D22799700247C1F /* Debug */,
				753848FC1D22799700247C1F /* Release */,
			);
			defaultConfigurationIsVisible = 0;
			defaultConfigurationName = Release;
		};
/* End XCConfigurationList section */
	};
	rootObject = 753848E01D22799600247C1F /* Project object */;
}
